
Microsoft Visual Studio Solution File, Format Version 12.00
# Visual Studio Version 17
VisualStudioVersion = 17.5.002.0
MinimumVisualStudioVersion = 10.0.40219.1
Project("{9A19103F-16F7-4668-BE54-9A1E7A4F7556}") = "VisitasApp.API", "VisitasApp.API.csproj", "{C840102A-B2CE-434C-82FC-FD818BC47C45}"
EndProject
Global
	GlobalSection(SolutionConfigurationPlatforms) = preSolution
		Debug|Any CPU = Debug|Any CPU
		Release|Any CPU = Release|Any CPU
	EndGlobalSection
	GlobalSection(ProjectConfigurationPlatforms) = postSolution
		{C840102A-B2CE-434C-82FC-FD818BC47C45}.Debug|Any CPU.ActiveCfg = Debug|Any CPU
		{C840102A-B2CE-434C-82FC-FD818BC47C45}.Debug|Any CPU.Build.0 = Debug|Any CPU
		{C840102A-B2CE-434C-82FC-FD818BC47C45}.Release|Any CPU.ActiveCfg = Release|Any CPU
		{C840102A-B2CE-434C-82FC-FD818BC47C45}.Release|Any CPU.Build.0 = Release|Any CPU
	EndGlobalSection
	GlobalSection(SolutionProperties) = preSolution
		HideSolutionNode = FALSE
	EndGlobalSection
	GlobalSection(ExtensibilityGlobals) = postSolution
		SolutionGuid = {226F41F4-829F-4DB4-840D-CF63F7424204}
	EndGlobalSection
EndGlobal
